
Microsoft Visual Studio Solution File, Format Version 12.00
# Visual Studio 14
VisualStudioVersion = 14.0.23107.0
MinimumVisualStudioVersion = 10.0.40219.1
Project("{FAE04EC0-301F-11D3-BF4B-00C04F79EFBC}") = "GithubProjectJester.Droid", "GithubProjectJester\GithubProjectJester.Droid\GithubProjectJester.Droid.csproj", "{C6C61C3B-6BFC-4823-91C2-F25BB5DF8596}"
EndProject
Project("{FAE04EC0-301F-11D3-BF4B-00C04F79EFBC}") = "GithubProjectJester.iOS", "GithubProjectJester\GithubProjectJester.iOS\GithubProjectJester.iOS.csproj", "{61DE5804-2E00-4BCD-BA93-1FA8FE80CA23}"
EndProject
Project("{FAE04EC0-301F-11D3-BF4B-00C04F79EFBC}") = "GithubProjectJester", "GithubProjectJester\GithubProjectJester\GithubProjectJester.csproj", "{BFF02D87-5943-4EC9-A839-15EDC8377536}"
EndProject
Global
	GlobalSection(SolutionConfigurationPlatforms) = preSolution
		Ad-Hoc|Any CPU = Ad-Hoc|Any CPU
		Ad-Hoc|iPhone = Ad-Hoc|iPhone
		Ad-Hoc|iPhoneSimulator = Ad-Hoc|iPhoneSimulator
		AppStore|Any CPU = AppStore|Any CPU
		AppStore|iPhone = AppStore|iPhone
		AppStore|iPhoneSimulator = AppStore|iPhoneSimulator
		Debug|Any CPU = Debug|Any CPU
		Debug|iPhone = Debug|iPhone
		Debug|iPhoneSimulator = Debug|iPhoneSimulator
		Release|Any CPU = Release|Any CPU
		Release|iPhone = Release|iPhone
		Release|iPhoneSimulator = Release|iPhoneSimulator
	EndGlobalSection
	GlobalSection(ProjectConfigurationPlatforms) = postSolution
		{C6C61C3B-6BFC-4823-91C2-F25BB5DF8596}.Ad-Hoc|Any CPU.ActiveCfg = Release|Any CPU
		{C6C61C3B-6BFC-4823-91C2-F25BB5DF8596}.Ad-Hoc|Any CPU.Build.0 = Release|Any CPU
		{C6C61C3B-6BFC-4823-91C2-F25BB5DF8596}.Ad-Hoc|Any CPU.Deploy.0 = Release|Any CPU
		{C6C61C3B-6BFC-4823-91C2-F25BB5DF8596}.Ad-Hoc|iPhone.ActiveCfg = Release|Any CPU
		{C6C61C3B-6BFC-4823-91C2-F25BB5DF8596}.Ad-Hoc|iPhone.Build.0 = Release|Any CPU
		{C6C61C3B-6BFC-4823-91C2-F25BB5DF8596}.Ad-Hoc|iPhone.Deploy.0 = Release|Any CPU
		{C6C61C3B-6BFC-4823-91C2-F25BB5DF8596}.Ad-Hoc|iPhoneSimulator.ActiveCfg = Release|Any CPU
		{C6C61C3B-6BFC-4823-91C2-F25BB5DF8596}.Ad-Hoc|iPhoneSimulator.Build.0 = Release|Any CPU
		{C6C61C3B-6BFC-4823-91C2-F25BB5DF8596}.Ad-Hoc|iPhoneSimulator.Deploy.0 = Release|Any CPU
		{C6C61C3B-6BFC-4823-91C2-F25BB5DF8596}.AppStore|Any CPU.ActiveCfg = Release|Any CPU
		{C6C61C3B-6BFC-4823-91C2-F25BB5DF8596}.AppStore|Any CPU.Build.0 = Release|Any CPU
		{C6C61C3B-6BFC-4823-91C2-F25BB5DF8596}.AppStore|Any CPU.Deploy.0 = Release|Any CPU
		{C6C61C3B-6BFC-4823-91C2-F25BB5DF8596}.AppStore|iPhone.ActiveCfg = Release|Any CPU
		{C6C61C3B-6BFC-4823-91C2-F25BB5DF8596}.AppStore|iPhone.Build.0 = Release|Any CPU
		{C6C61C3B-6BFC-4823-91C2-F25BB5DF8596}.AppStore|iPhone.Deploy.0 = Release|Any CPU
		{C6C61C3B-6BFC-4823-91C2-F25BB5DF8596}.AppStore|iPhoneSimulator.ActiveCfg = Release|Any CPU
		{C6C61C3B-6BFC-4823-91C2-F25BB5DF8596}.AppStore|iPhoneSimulator.Build.0 = Release|Any CPU
		{C6C61C3B-6BFC-4823-91C2-F25BB5DF8596}.AppStore|iPhoneSimulator.Deploy.0 = Release|Any CPU
		{C6C61C3B-6BFC-4823-91C2-F25BB5DF8596}.Debug|Any CPU.ActiveCfg = Debug|Any CPU
		{C6C61C3B-6BFC-4823-91C2-F25BB5DF8596}.Debug|Any CPU.Build.0 = Debug|Any CPU
		{C6C61C3B-6BFC-4823-91C2-F25BB5DF8596}.Debug|Any CPU.Deploy.0 = Debug|Any CPU
		{C6C61C3B-6BFC-4823-91C2-F25BB5DF8596}.Debug|iPhone.ActiveCfg = Debug|Any CPU
		{C6C61C3B-6BFC-4823-91C2-F25BB5DF8596}.Debug|iPhone.Build.0 = Debug|Any CPU
		{C6C61C3B-6BFC-4823-91C2-F25BB5DF8596}.Debug|iPhone.Deploy.0 = Debug|Any CPU
		{C6C61C3B-6BFC-4823-91C2-F25BB5DF8596}.Debug|iPhoneSimulator.ActiveCfg = Debug|Any CPU
		{C6C61C3B-6BFC-4823-91C2-F25BB5DF8596}.Debug|iPhoneSimulator.Build.0 = Debug|Any CPU
		{C6C61C3B-6BFC-4823-91C2-F25BB5DF8596}.Debug|iPhoneSimulator.Deploy.0 = Debug|Any CPU
		{C6C61C3B-6BFC-4823-91C2-F25BB5DF8596}.Release|Any CPU.ActiveCfg = Release|Any CPU
		{C6C61C3B-6BFC-4823-91C2-F25BB5DF8596}.Release|Any CPU.Build.0 = Release|Any CPU
		{C6C61C3B-6BFC-4823-91C2-F25BB5DF8596}.Release|Any CPU.Deploy.0 = Release|Any CPU
		{C6C61C3B-6BFC-4823-91C2-F25BB5DF8596}.Release|iPhone.ActiveCfg = Release|Any CPU
		{C6C61C3B-6BFC-4823-91C2-F25BB5DF8596}.Release|iPhone.Build.0 = Release|Any CPU
		{C6C61C3B-6BFC-4823-91C2-F25BB5DF8596}.Release|iPhone.Deploy.0 = Release|Any CPU
		{C6C61C3B-6BFC-4823-91C2-F25BB5DF8596}.Release|iPhoneSimulator.ActiveCfg = Release|Any CPU
		{C6C61C3B-6BFC-4823-91C2-F25BB5DF8596}.Release|iPhoneSimulator.Build.0 = Release|Any CPU
		{C6C61C3B-6BFC-4823-91C2-F25BB5DF8596}.Release|iPhoneSimulator.Deploy.0 = Release|Any CPU
		{61DE5804-2E00-4BCD-BA93-1FA8FE80CA23}.Ad-Hoc|Any CPU.ActiveCfg = Ad-Hoc|iPhone
		{61DE5804-2E00-4BCD-BA93-1FA8FE80CA23}.Ad-Hoc|iPhone.ActiveCfg = Ad-Hoc|iPhone
		{61DE5804-2E00-4BCD-BA93-1FA8FE80CA23}.Ad-Hoc|iPhone.Build.0 = Ad-Hoc|iPhone
		{61DE5804-2E00-4BCD-BA93-1FA8FE80CA23}.Ad-Hoc|iPhoneSimulator.ActiveCfg = Ad-Hoc|iPhoneSimulator
		{61DE5804-2E00-4BCD-BA93-1FA8FE80CA23}.Ad-Hoc|iPhoneSimulator.Build.0 = Ad-Hoc|iPhoneSimulator
		{61DE5804-2E00-4BCD-BA93-1FA8FE80CA23}.AppStore|Any CPU.ActiveCfg = AppStore|iPhone
		{61DE5804-2E00-4BCD-BA93-1FA8FE80CA23}.AppStore|iPhone.ActiveCfg = AppStore|iPhone
		{61DE5804-2E00-4BCD-BA93-1FA8FE80CA23}.AppStore|iPhone.Build.0 = AppStore|iPhone
		{61DE5804-2E00-4BCD-BA93-1FA8FE80CA23}.AppStore|iPhoneSimulator.ActiveCfg = AppStore|iPhoneSimulator
		{61DE5804-2E00-4BCD-BA93-1FA8FE80CA23}.AppStore|iPhoneSimulator.Build.0 = AppStore|iPhoneSimulator
		{61DE5804-2E00-4BCD-BA93-1FA8FE80CA23}.Debug|Any CPU.ActiveCfg = Debug|iPhone
		{61DE5804-2E00-4BCD-BA93-1FA8FE80CA23}.Debug|iPhone.ActiveCfg = Debug|iPhone
		{61DE5804-2E00-4BCD-BA93-1FA8FE80CA23}.Debug|iPhone.Build.0 = Debug|iPhone
		{61DE5804-2E00-4BCD-BA93-1FA8FE80CA23}.Debug|iPhoneSimulator.ActiveCfg = Debug|iPhoneSimulator
		{61DE5804-2E00-4BCD-BA93-1FA8FE80CA23}.Debug|iPhoneSimulator.Build.0 = Debug|iPhoneSimulator
		{61DE5804-2E00-4BCD-BA93-1FA8FE80CA23}.Release|Any CPU.ActiveCfg = Release|iPhone
		{61DE5804-2E00-4BCD-BA93-1FA8FE80CA23}.Release|iPhone.ActiveCfg = Release|iPhone
		{61DE5804-2E00-4BCD-BA93-1FA8FE80CA23}.Release|iPhone.Build.0 = Release|iPhone
		{61DE5804-2E00-4BCD-BA93-1FA8FE80CA23}.Release|iPhoneSimulator.ActiveCfg = Release|iPhoneSimulator
		{61DE5804-2E00-4BCD-BA93-1FA8FE80CA23}.Release|iPhoneSimulator.Build.0 = Release|iPhoneSimulator
		{BFF02D87-5943-4EC9-A839-15EDC8377536}.Ad-Hoc|Any CPU.ActiveCfg = Release|Any CPU
		{BFF02D87-5943-4EC9-A839-15EDC8377536}.Ad-Hoc|Any CPU.Build.0 = Release|Any CPU
		{BFF02D87-5943-4EC9-A839-15EDC8377536}.Ad-Hoc|iPhone.ActiveCfg = Release|Any CPU
		{BFF02D87-5943-4EC9-A839-15EDC8377536}.Ad-Hoc|iPhone.Build.0 = Release|Any CPU
		{BFF02D87-5943-4EC9-A839-15EDC8377536}.Ad-Hoc|iPhoneSimulator.ActiveCfg = Release|Any CPU
		{BFF02D87-5943-4EC9-A839-15EDC8377536}.Ad-Hoc|iPhoneSimulator.Build.0 = Release|Any CPU
		{BFF02D87-5943-4EC9-A839-15EDC8377536}.AppStore|Any CPU.ActiveCfg = Release|Any CPU
		{BFF02D87-5943-4EC9-A839-15EDC8377536}.AppStore|Any CPU.Build.0 = Release|Any CPU
		{BFF02D87-5943-4EC9-A839-15EDC8377536}.AppStore|iPhone.ActiveCfg = Release|Any CPU
		{BFF02D87-5943-4EC9-A839-15EDC8377536}.AppStore|iPhone.Build.0 = Release|Any CPU
		{BFF02D87-5943-4EC9-A839-15EDC8377536}.AppStore|iPhoneSimulator.ActiveCfg = Release|Any CPU
		{BFF02D87-5943-4EC9-A839-15EDC8377536}.AppStore|iPhoneSimulator.Build.0 = Release|Any CPU
		{BFF02D87-5943-4EC9-A839-15EDC8377536}.Debug|Any CPU.ActiveCfg = Debug|Any CPU
		{BFF02D87-5943-4EC9-A839-15EDC8377536}.Debug|Any CPU.Build.0 = Debug|Any CPU
		{BFF02D87-5943-4EC9-A839-15EDC8377536}.Debug|iPhone.ActiveCfg = Debug|Any CPU
		{BFF02D87-5943-4EC9-A839-15EDC8377536}.Debug|iPhone.Build.0 = Debug|Any CPU
		{BFF02D87-5943-4EC9-A839-15EDC8377536}.Debug|iPhoneSimulator.ActiveCfg = Debug|Any CPU
		{BFF02D87-5943-4EC9-A839-15EDC8377536}.Debug|iPhoneSimulator.Build.0 = Debug|Any CPU
		{BFF02D87-5943-4EC9-A839-15EDC8377536}.Release|Any CPU.ActiveCfg = Release|Any CPU
		{BFF02D87-5943-4EC9-A839-15EDC8377536}.Release|Any CPU.Build.0 = Release|Any CPU
		{BFF02D87-5943-4EC9-A839-15EDC8377536}.Release|iPhone.ActiveCfg = Release|Any CPU
		{BFF02D87-5943-4EC9-A839-15EDC8377536}.Release|iPhone.Build.0 = Release|Any CPU
		{BFF02D87-5943-4EC9-A839-15EDC8377536}.Release|iPhoneSimulator.ActiveCfg = Release|Any CPU
		{BFF02D87-5943-4EC9-A839-15EDC8377536}.Release|iPhoneSimulator.Build.0 = Release|Any CPU
	EndGlobalSection
	GlobalSection(SolutionProperties) = preSolution
		HideSolutionNode = FALSE
	EndGlobalSection
EndGlobal
